// !$*UTF8*$!
{
	archiveVersion = 1;
	classes = {
	};
	objectVersion = 46;
	objects = {

/* Begin PBXBuildFile section */
		1DC93E5A184A49E9CC247859 /* Pods_CocoaExtensions_iOS.framework in Frameworks */ = {isa = PBXBuildFile; fileRef = 9D4BEC7E7DAD220FEB7B4C34 /* Pods_CocoaExtensions_iOS.framework */; };
		624D769C87176FBFF629DB23 /* Pods_CocoaExtensions_tvOS.framework in Frameworks */ = {isa = PBXBuildFile; fileRef = CA870796BEC31C2B54D75142 /* Pods_CocoaExtensions_tvOS.framework */; };
		7C20CC9493226DE502317BD8 /* Pods_CocoaExtensions_macOS.framework in Frameworks */ = {isa = PBXBuildFile; fileRef = 7BAD4226762AF62AA42C3B58 /* Pods_CocoaExtensions_macOS.framework */; };
		9DDF328C21EE6123004558FE /* AppDelegate.swift in Sources */ = {isa = PBXBuildFile; fileRef = 9DDF328B21EE6123004558FE /* AppDelegate.swift */; };
		9DDF329321EE6124004558FE /* Assets.xcassets in Resources */ = {isa = PBXBuildFile; fileRef = 9DDF329221EE6124004558FE /* Assets.xcassets */; };
		9DDF32A221EE612F004558FE /* AppDelegate.swift in Sources */ = {isa = PBXBuildFile; fileRef = 9DDF32A121EE612F004558FE /* AppDelegate.swift */; };
		9DDF32A421EE612F004558FE /* ViewController.swift in Sources */ = {isa = PBXBuildFile; fileRef = 9DDF32A321EE612F004558FE /* ViewController.swift */; };
		9DDF32A721EE612F004558FE /* Main.storyboard in Resources */ = {isa = PBXBuildFile; fileRef = 9DDF32A521EE612F004558FE /* Main.storyboard */; };
		9DDF32A921EE6130004558FE /* Assets.xcassets in Resources */ = {isa = PBXBuildFile; fileRef = 9DDF32A821EE6130004558FE /* Assets.xcassets */; };
		9DDF32B521EE6155004558FE /* AppDelegate.swift in Sources */ = {isa = PBXBuildFile; fileRef = 9DDF32B421EE6155004558FE /* AppDelegate.swift */; };
		9DDF32B721EE6156004558FE /* Assets.xcassets in Resources */ = {isa = PBXBuildFile; fileRef = 9DDF32B621EE6156004558FE /* Assets.xcassets */; };
		9DDF32BA21EE6156004558FE /* MainMenu.xib in Resources */ = {isa = PBXBuildFile; fileRef = 9DDF32B821EE6156004558FE /* MainMenu.xib */; };
/* End PBXBuildFile section */

/* Begin PBXFileReference section */
		00420E883AB73019E59AFF17 /* Pods-CocoaExtensions-macOS.debug.xcconfig */ = {isa = PBXFileReference; includeInIndex = 1; lastKnownFileType = text.xcconfig; name = "Pods-CocoaExtensions-macOS.debug.xcconfig"; path = "Pods/Target Support Files/Pods-CocoaExtensions-macOS/Pods-CocoaExtensions-macOS.debug.xcconfig"; sourceTree = "<group>"; };
		012D7D32DE44B198C77BC23D /* Pods-CocoaExtensions-tvOS.debug.xcconfig */ = {isa = PBXFileReference; includeInIndex = 1; lastKnownFileType = text.xcconfig; name = "Pods-CocoaExtensions-tvOS.debug.xcconfig"; path = "Pods/Target Support Files/Pods-CocoaExtensions-tvOS/Pods-CocoaExtensions-tvOS.debug.xcconfig"; sourceTree = "<group>"; };
		7A41D110F8661DA8DD74AA89 /* LICENSE */ = {isa = PBXFileReference; includeInIndex = 1; lastKnownFileType = text; name = LICENSE; path = ../LICENSE; sourceTree = "<group>"; };
		7BAD4226762AF62AA42C3B58 /* Pods_CocoaExtensions_macOS.framework */ = {isa = PBXFileReference; explicitFileType = wrapper.framework; includeInIndex = 0; path = Pods_CocoaExtensions_macOS.framework; sourceTree = BUILT_PRODUCTS_DIR; };
		847A595E5AC8FBA093898400 /* Pods-CocoaExtensions-tvOS.release.xcconfig */ = {isa = PBXFileReference; includeInIndex = 1; lastKnownFileType = text.xcconfig; name = "Pods-CocoaExtensions-tvOS.release.xcconfig"; path = "Pods/Target Support Files/Pods-CocoaExtensions-tvOS/Pods-CocoaExtensions-tvOS.release.xcconfig"; sourceTree = "<group>"; };
		9D4BEC7E7DAD220FEB7B4C34 /* Pods_CocoaExtensions_iOS.framework */ = {isa = PBXFileReference; explicitFileType = wrapper.framework; includeInIndex = 0; path = Pods_CocoaExtensions_iOS.framework; sourceTree = BUILT_PRODUCTS_DIR; };
		9DDF328921EE6123004558FE /* CocoaExtensions-iOS.app */ = {isa = PBXFileReference; explicitFileType = wrapper.application; includeInIndex = 0; path = "CocoaExtensions-iOS.app"; sourceTree = BUILT_PRODUCTS_DIR; };
		9DDF328B21EE6123004558FE /* AppDelegate.swift */ = {isa = PBXFileReference; lastKnownFileType = sourcecode.swift; path = AppDelegate.swift; sourceTree = "<group>"; };
		9DDF329221EE6124004558FE /* Assets.xcassets */ = {isa = PBXFileReference; lastKnownFileType = folder.assetcatalog; path = Assets.xcassets; sourceTree = "<group>"; };
		9DDF329721EE6124004558FE /* Info.plist */ = {isa = PBXFileReference; lastKnownFileType = text.plist.xml; path = Info.plist; sourceTree = "<group>"; };
		9DDF329F21EE612F004558FE /* CocoaExtensions-tvOS.app */ = {isa = PBXFileReference; explicitFileType = wrapper.application; includeInIndex = 0; path = "CocoaExtensions-tvOS.app"; sourceTree = BUILT_PRODUCTS_DIR; };
		9DDF32A121EE612F004558FE /* AppDelegate.swift */ = {isa = PBXFileReference; lastKnownFileType = sourcecode.swift; path = AppDelegate.swift; sourceTree = "<group>"; };
		9DDF32A321EE612F004558FE /* ViewController.swift */ = {isa = PBXFileReference; lastKnownFileType = sourcecode.swift; path = ViewController.swift; sourceTree = "<group>"; };
		9DDF32A621EE612F004558FE /* Base */ = {isa = PBXFileReference; lastKnownFileType = file.storyboard; name = Base; path = Base.lproj/Main.storyboard; sourceTree = "<group>"; };
		9DDF32A821EE6130004558FE /* Assets.xcassets */ = {isa = PBXFileReference; lastKnownFileType = folder.assetcatalog; path = Assets.xcassets; sourceTree = "<group>"; };
		9DDF32AA21EE6130004558FE /* Info.plist */ = {isa = PBXFileReference; lastKnownFileType = text.plist.xml; path = Info.plist; sourceTree = "<group>"; };
		9DDF32B221EE6155004558FE /* CocoaExtensions-macOS.app */ = {isa = PBXFileReference; explicitFileType = wrapper.application; includeInIndex = 0; path = "CocoaExtensions-macOS.app"; sourceTree = BUILT_PRODUCTS_DIR; };
		9DDF32B421EE6155004558FE /* AppDelegate.swift */ = {isa = PBXFileReference; lastKnownFileType = sourcecode.swift; path = AppDelegate.swift; sourceTree = "<group>"; };
		9DDF32B621EE6156004558FE /* Assets.xcassets */ = {isa = PBXFileReference; lastKnownFileType = folder.assetcatalog; path = Assets.xcassets; sourceTree = "<group>"; };
		9DDF32B921EE6156004558FE /* Base */ = {isa = PBXFileReference; lastKnownFileType = file.xib; name = Base; path = Base.lproj/MainMenu.xib; sourceTree = "<group>"; };
		9DDF32BB21EE6156004558FE /* Info.plist */ = {isa = PBXFileReference; lastKnownFileType = text.plist.xml; path = Info.plist; sourceTree = "<group>"; };
		9DDF32BC21EE6156004558FE /* CocoaExtensions_macOS.entitlements */ = {isa = PBXFileReference; lastKnownFileType = text.plist.entitlements; path = CocoaExtensions_macOS.entitlements; sourceTree = "<group>"; };
		BB130F330621A18DDDD5032F /* CocoaExtensions.podspec */ = {isa = PBXFileReference; includeInIndex = 1; lastKnownFileType = text; name = CocoaExtensions.podspec; path = ../CocoaExtensions.podspec; sourceTree = "<group>"; xcLanguageSpecificationIdentifier = xcode.lang.ruby; };
		CA870796BEC31C2B54D75142 /* Pods_CocoaExtensions_tvOS.framework */ = {isa = PBXFileReference; explicitFileType = wrapper.framework; includeInIndex = 0; path = Pods_CocoaExtensions_tvOS.framework; sourceTree = BUILT_PRODUCTS_DIR; };
		DB4DEC9A6CAB065F678F27FB /* Pods-CocoaExtensions-iOS.debug.xcconfig */ = {isa = PBXFileReference; includeInIndex = 1; lastKnownFileType = text.xcconfig; name = "Pods-CocoaExtensions-iOS.debug.xcconfig"; path = "Pods/Target Support Files/Pods-CocoaExtensions-iOS/Pods-CocoaExtensions-iOS.debug.xcconfig"; sourceTree = "<group>"; };
		EAE015A5869E57968F47B464 /* Pods-CocoaExtensions-macOS.release.xcconfig */ = {isa = PBXFileReference; includeInIndex = 1; lastKnownFileType = text.xcconfig; name = "Pods-CocoaExtensions-macOS.release.xcconfig"; path = "Pods/Target Support Files/Pods-CocoaExtensions-macOS/Pods-CocoaExtensions-macOS.release.xcconfig"; sourceTree = "<group>"; };
		F746340EE55441A59B3F29D0 /* Pods-CocoaExtensions-iOS.release.xcconfig */ = {isa = PBXFileReference; includeInIndex = 1; lastKnownFileType = text.xcconfig; name = "Pods-CocoaExtensions-iOS.release.xcconfig"; path = "Pods/Target Support Files/Pods-CocoaExtensions-iOS/Pods-CocoaExtensions-iOS.release.xcconfig"; sourceTree = "<group>"; };
		FE9AD890FADB2B58989C7501 /* README.md */ = {isa = PBXFileReference; includeInIndex = 1; lastKnownFileType = net.daringfireball.markdown; name = README.md; path = ../README.md; sourceTree = "<group>"; };
/* End PBXFileReference section */

/* Begin PBXFrameworksBuildPhase section */
		9DDF328621EE6123004558FE /* Frameworks */ = {
			isa = PBXFrameworksBuildPhase;
			buildActionMask = 2147483647;
			files = (
				1DC93E5A184A49E9CC247859 /* Pods_CocoaExtensions_iOS.framework in Frameworks */,
			);
			runOnlyForDeploymentPostprocessing = 0;
		};
		9DDF329C21EE612F004558FE /* Frameworks */ = {
			isa = PBXFrameworksBuildPhase;
			buildActionMask = 2147483647;
			files = (
				624D769C87176FBFF629DB23 /* Pods_CocoaExtensions_tvOS.framework in Frameworks */,
			);
			runOnlyForDeploymentPostprocessing = 0;
		};
		9DDF32AF21EE6155004558FE /* Frameworks */ = {
			isa = PBXFrameworksBuildPhase;
			buildActionMask = 2147483647;
			files = (
				7C20CC9493226DE502317BD8 /* Pods_CocoaExtensions_macOS.framework in Frameworks */,
			);
			runOnlyForDeploymentPostprocessing = 0;
		};
/* End PBXFrameworksBuildPhase section */

/* Begin PBXGroup section */
		0DFA0177FC44E77CA09DCA8B /* Frameworks */ = {
			isa = PBXGroup;
			children = (
				9D4BEC7E7DAD220FEB7B4C34 /* Pods_CocoaExtensions_iOS.framework */,
				CA870796BEC31C2B54D75142 /* Pods_CocoaExtensions_tvOS.framework */,
				7BAD4226762AF62AA42C3B58 /* Pods_CocoaExtensions_macOS.framework */,
			);
			name = Frameworks;
			sourceTree = "<group>";
		};
		607FACC71AFB9204008FA782 = {
			isa = PBXGroup;
			children = (
				607FACF51AFB993E008FA782 /* Podspec Metadata */,
				9DDF328A21EE6123004558FE /* CocoaExtensions-iOS */,
				9DDF32A021EE612F004558FE /* CocoaExtensions-tvOS */,
				9DDF32B321EE6155004558FE /* CocoaExtensions-macOS */,
				607FACD11AFB9204008FA782 /* Products */,
				7FF9D15501A0367BE8EDE21C /* Pods */,
				0DFA0177FC44E77CA09DCA8B /* Frameworks */,
			);
			sourceTree = "<group>";
		};
		607FACD11AFB9204008FA782 /* Products */ = {
			isa = PBXGroup;
			children = (
				9DDF328921EE6123004558FE /* CocoaExtensions-iOS.app */,
				9DDF329F21EE612F004558FE /* CocoaExtensions-tvOS.app */,
				9DDF32B221EE6155004558FE /* CocoaExtensions-macOS.app */,
			);
			name = Products;
			sourceTree = "<group>";
		};
		607FACF51AFB993E008FA782 /* Podspec Metadata */ = {
			isa = PBXGroup;
			children = (
				BB130F330621A18DDDD5032F /* CocoaExtensions.podspec */,
				FE9AD890FADB2B58989C7501 /* README.md */,
				7A41D110F8661DA8DD74AA89 /* LICENSE */,
			);
			name = "Podspec Metadata";
			sourceTree = "<group>";
		};
		7FF9D15501A0367BE8EDE21C /* Pods */ = {
			isa = PBXGroup;
			children = (
				DB4DEC9A6CAB065F678F27FB /* Pods-CocoaExtensions-iOS.debug.xcconfig */,
				F746340EE55441A59B3F29D0 /* Pods-CocoaExtensions-iOS.release.xcconfig */,
				012D7D32DE44B198C77BC23D /* Pods-CocoaExtensions-tvOS.debug.xcconfig */,
				847A595E5AC8FBA093898400 /* Pods-CocoaExtensions-tvOS.release.xcconfig */,
				00420E883AB73019E59AFF17 /* Pods-CocoaExtensions-macOS.debug.xcconfig */,
				EAE015A5869E57968F47B464 /* Pods-CocoaExtensions-macOS.release.xcconfig */,
			);
			name = Pods;
			sourceTree = "<group>";
		};
		9DDF328A21EE6123004558FE /* CocoaExtensions-iOS */ = {
			isa = PBXGroup;
			children = (
				9DDF328B21EE6123004558FE /* AppDelegate.swift */,
				9DDF329221EE6124004558FE /* Assets.xcassets */,
				9DDF329721EE6124004558FE /* Info.plist */,
			);
			path = "CocoaExtensions-iOS";
			sourceTree = "<group>";
		};
		9DDF32A021EE612F004558FE /* CocoaExtensions-tvOS */ = {
			isa = PBXGroup;
			children = (
				9DDF32A121EE612F004558FE /* AppDelegate.swift */,
				9DDF32A321EE612F004558FE /* ViewController.swift */,
				9DDF32A521EE612F004558FE /* Main.storyboard */,
				9DDF32A821EE6130004558FE /* Assets.xcassets */,
				9DDF32AA21EE6130004558FE /* Info.plist */,
			);
			path = "CocoaExtensions-tvOS";
			sourceTree = "<group>";
		};
		9DDF32B321EE6155004558FE /* CocoaExtensions-macOS */ = {
			isa = PBXGroup;
			children = (
				9DDF32B421EE6155004558FE /* AppDelegate.swift */,
				9DDF32B621EE6156004558FE /* Assets.xcassets */,
				9DDF32B821EE6156004558FE /* MainMenu.xib */,
				9DDF32BB21EE6156004558FE /* Info.plist */,
				9DDF32BC21EE6156004558FE /* CocoaExtensions_macOS.entitlements */,
			);
			path = "CocoaExtensions-macOS";
			sourceTree = "<group>";
		};
/* End PBXGroup section */

/* Begin PBXNativeTarget section */
		9DDF328821EE6123004558FE /* CocoaExtensions-iOS */ = {
			isa = PBXNativeTarget;
			buildConfigurationList = 9DDF329821EE6124004558FE /* Build configuration list for PBXNativeTarget "CocoaExtensions-iOS" */;
			buildPhases = (
				E1DC5BCB0B1EF2528F598963 /* [CP] Check Pods Manifest.lock */,
				9DDF328521EE6123004558FE /* Sources */,
				9DDF328621EE6123004558FE /* Frameworks */,
				9DDF328721EE6123004558FE /* Resources */,
				CE7B6D328744343E7E949B76 /* [CP] Embed Pods Frameworks */,
			);
			buildRules = (
			);
			dependencies = (
			);
			name = "CocoaExtensions-iOS";
			productName = "CocoaExtensions-iOS";
			productReference = 9DDF328921EE6123004558FE /* CocoaExtensions-iOS.app */;
			productType = "com.apple.product-type.application";
		};
		9DDF329E21EE612F004558FE /* CocoaExtensions-tvOS */ = {
			isa = PBXNativeTarget;
			buildConfigurationList = 9DDF32AB21EE6130004558FE /* Build configuration list for PBXNativeTarget "CocoaExtensions-tvOS" */;
			buildPhases = (
				C981B93DB213F26053EF70D5 /* [CP] Check Pods Manifest.lock */,
				9DDF329B21EE612F004558FE /* Sources */,
				9DDF329C21EE612F004558FE /* Frameworks */,
				9DDF329D21EE612F004558FE /* Resources */,
				B368F7BBEA849EF7FB91733B /* [CP] Embed Pods Frameworks */,
			);
			buildRules = (
			);
			dependencies = (
			);
			name = "CocoaExtensions-tvOS";
			productName = "CocoaExtensions-tvOS";
			productReference = 9DDF329F21EE612F004558FE /* CocoaExtensions-tvOS.app */;
			productType = "com.apple.product-type.application";
		};
		9DDF32B121EE6155004558FE /* CocoaExtensions-macOS */ = {
			isa = PBXNativeTarget;
			buildConfigurationList = 9DDF32BD21EE6156004558FE /* Build configuration list for PBXNativeTarget "CocoaExtensions-macOS" */;
			buildPhases = (
				B5AD092511622C5131A23F9A /* [CP] Check Pods Manifest.lock */,
				9DDF32AE21EE6155004558FE /* Sources */,
				9DDF32AF21EE6155004558FE /* Frameworks */,
				9DDF32B021EE6155004558FE /* Resources */,
				89CEEC02B51644CE7B6224A7 /* [CP] Embed Pods Frameworks */,
			);
			buildRules = (
			);
			dependencies = (
			);
			name = "CocoaExtensions-macOS";
			productName = "CocoaExtensions-macOS";
			productReference = 9DDF32B221EE6155004558FE /* CocoaExtensions-macOS.app */;
			productType = "com.apple.product-type.application";
		};
/* End PBXNativeTarget section */

/* Begin PBXProject section */
		607FACC81AFB9204008FA782 /* Project object */ = {
			isa = PBXProject;
			attributes = {
				LastSwiftUpdateCheck = 1010;
				LastUpgradeCheck = 1020;
				ORGANIZATIONNAME = CocoaPods;
				TargetAttributes = {
					9DDF328821EE6123004558FE = {
						CreatedOnToolsVersion = 10.1;
						ProvisioningStyle = Automatic;
					};
					9DDF329E21EE612F004558FE = {
						CreatedOnToolsVersion = 10.1;
						ProvisioningStyle = Automatic;
					};
					9DDF32B121EE6155004558FE = {
						CreatedOnToolsVersion = 10.1;
						DevelopmentTeam = 2VFCBFYPFW;
						ProvisioningStyle = Automatic;
					};
				};
			};
			buildConfigurationList = 607FACCB1AFB9204008FA782 /* Build configuration list for PBXProject "CocoaExtensions" */;
			compatibilityVersion = "Xcode 3.2";
			developmentRegion = en;
			hasScannedForEncodings = 0;
			knownRegions = (
				en,
				Base,
			);
			mainGroup = 607FACC71AFB9204008FA782;
			productRefGroup = 607FACD11AFB9204008FA782 /* Products */;
			projectDirPath = "";
			projectRoot = "";
			targets = (
				9DDF328821EE6123004558FE /* CocoaExtensions-iOS */,
				9DDF329E21EE612F004558FE /* CocoaExtensions-tvOS */,
				9DDF32B121EE6155004558FE /* CocoaExtensions-macOS */,
			);
		};
/* End PBXProject section */

/* Begin PBXResourcesBuildPhase section */
		9DDF328721EE6123004558FE /* Resources */ = {
			isa = PBXResourcesBuildPhase;
			buildActionMask = 2147483647;
			files = (
				9DDF329321EE6124004558FE /* Assets.xcassets in Resources */,
			);
			runOnlyForDeploymentPostprocessing = 0;
		};
		9DDF329D21EE612F004558FE /* Resources */ = {
			isa = PBXResourcesBuildPhase;
			buildActionMask = 2147483647;
			files = (
				9DDF32A921EE6130004558FE /* Assets.xcassets in Resources */,
				9DDF32A721EE612F004558FE /* Main.storyboard in Resources */,
			);
			runOnlyForDeploymentPostprocessing = 0;
		};
		9DDF32B021EE6155004558FE /* Resources */ = {
			isa = PBXResourcesBuildPhase;
			buildActionMask = 2147483647;
			files = (
				9DDF32B721EE6156004558FE /* Assets.xcassets in Resources */,
				9DDF32BA21EE6156004558FE /* MainMenu.xib in Resources */,
			);
			runOnlyForDeploymentPostprocessing = 0;
		};
/* End PBXResourcesBuildPhase section */

/* Begin PBXShellScriptBuildPhase section */
		89CEEC02B51644CE7B6224A7 /* [CP] Embed Pods Frameworks */ = {
			isa = PBXShellScriptBuildPhase;
			buildActionMask = 2147483647;
			files = (
			);
			inputPaths = (
				"${PODS_ROOT}/Target Support Files/Pods-CocoaExtensions-macOS/Pods-CocoaExtensions-macOS-frameworks.sh",
				"${BUILT_PRODUCTS_DIR}/CocoaExtensions-Core-Foundation-Rx-UI-macOS/CocoaExtensions.framework",
				"${BUILT_PRODUCTS_DIR}/RxCocoa-macOS/RxCocoa.framework",
				"${BUILT_PRODUCTS_DIR}/RxRelay-macOS/RxRelay.framework",
				"${BUILT_PRODUCTS_DIR}/RxSwift-macOS/RxSwift.framework",
			);
			name = "[CP] Embed Pods Frameworks";
			outputPaths = (
				"${TARGET_BUILD_DIR}/${FRAMEWORKS_FOLDER_PATH}/CocoaExtensions.framework",
				"${TARGET_BUILD_DIR}/${FRAMEWORKS_FOLDER_PATH}/RxCocoa.framework",
				"${TARGET_BUILD_DIR}/${FRAMEWORKS_FOLDER_PATH}/RxRelay.framework",
				"${TARGET_BUILD_DIR}/${FRAMEWORKS_FOLDER_PATH}/RxSwift.framework",
			);
			runOnlyForDeploymentPostprocessing = 0;
			shellPath = /bin/sh;
			shellScript = "\"${PODS_ROOT}/Target Support Files/Pods-CocoaExtensions-macOS/Pods-CocoaExtensions-macOS-frameworks.sh\"\n";
			showEnvVarsInLog = 0;
		};
		B368F7BBEA849EF7FB91733B /* [CP] Embed Pods Frameworks */ = {
			isa = PBXShellScriptBuildPhase;
			buildActionMask = 2147483647;
			files = (
			);
			inputPaths = (
				"${PODS_ROOT}/Target Support Files/Pods-CocoaExtensions-tvOS/Pods-CocoaExtensions-tvOS-frameworks.sh",
				"${BUILT_PRODUCTS_DIR}/CocoaExtensions-Core-Foundation-Rx-UI-tvOS/CocoaExtensions.framework",
				"${BUILT_PRODUCTS_DIR}/RxCocoa-tvOS/RxCocoa.framework",
				"${BUILT_PRODUCTS_DIR}/RxRelay-tvOS/RxRelay.framework",
				"${BUILT_PRODUCTS_DIR}/RxSwift-tvOS/RxSwift.framework",
			);
			name = "[CP] Embed Pods Frameworks";
			outputPaths = (
				"${TARGET_BUILD_DIR}/${FRAMEWORKS_FOLDER_PATH}/CocoaExtensions.framework",
				"${TARGET_BUILD_DIR}/${FRAMEWORKS_FOLDER_PATH}/RxCocoa.framework",
				"${TARGET_BUILD_DIR}/${FRAMEWORKS_FOLDER_PATH}/RxRelay.framework",
				"${TARGET_BUILD_DIR}/${FRAMEWORKS_FOLDER_PATH}/RxSwift.framework",
			);
			runOnlyForDeploymentPostprocessing = 0;
			shellPath = /bin/sh;
			shellScript = "\"${PODS_ROOT}/Target Support Files/Pods-CocoaExtensions-tvOS/Pods-CocoaExtensions-tvOS-frameworks.sh\"\n";
			showEnvVarsInLog = 0;
		};
		B5AD092511622C5131A23F9A /* [CP] Check Pods Manifest.lock */ = {
			isa = PBXShellScriptBuildPhase;
			buildActionMask = 2147483647;
			files = (
			);
			inputFileListPaths = (
			);
			inputPaths = (
				"${PODS_PODFILE_DIR_PATH}/Podfile.lock",
				"${PODS_ROOT}/Manifest.lock",
			);
			name = "[CP] Check Pods Manifest.lock";
			outputFileListPaths = (
			);
			outputPaths = (
				"$(DERIVED_FILE_DIR)/Pods-CocoaExtensions-macOS-checkManifestLockResult.txt",
			);
			runOnlyForDeploymentPostprocessing = 0;
			shellPath = /bin/sh;
			shellScript = "diff \"${PODS_PODFILE_DIR_PATH}/Podfile.lock\" \"${PODS_ROOT}/Manifest.lock\" > /dev/null\nif [ $? != 0 ] ; then\n    # print error to STDERR\n    echo \"error: The sandbox is not in sync with the Podfile.lock. Run 'pod install' or update your CocoaPods installation.\" >&2\n    exit 1\nfi\n# This output is used by Xcode 'outputs' to avoid re-running this script phase.\necho \"SUCCESS\" > \"${SCRIPT_OUTPUT_FILE_0}\"\n";
			showEnvVarsInLog = 0;
		};
		C981B93DB213F26053EF70D5 /* [CP] Check Pods Manifest.lock */ = {
			isa = PBXShellScriptBuildPhase;
			buildActionMask = 2147483647;
			files = (
			);
			inputFileListPaths = (
			);
			inputPaths = (
				"${PODS_PODFILE_DIR_PATH}/Podfile.lock",
				"${PODS_ROOT}/Manifest.lock",
			);
			name = "[CP] Check Pods Manifest.lock";
			outputFileListPaths = (
			);
			outputPaths = (
				"$(DERIVED_FILE_DIR)/Pods-CocoaExtensions-tvOS-checkManifestLockResult.txt",
			);
			runOnlyForDeploymentPostprocessing = 0;
			shellPath = /bin/sh;
			shellScript = "diff \"${PODS_PODFILE_DIR_PATH}/Podfile.lock\" \"${PODS_ROOT}/Manifest.lock\" > /dev/null\nif [ $? != 0 ] ; then\n    # print error to STDERR\n    echo \"error: The sandbox is not in sync with the Podfile.lock. Run 'pod install' or update your CocoaPods installation.\" >&2\n    exit 1\nfi\n# This output is used by Xcode 'outputs' to avoid re-running this script phase.\necho \"SUCCESS\" > \"${SCRIPT_OUTPUT_FILE_0}\"\n";
			showEnvVarsInLog = 0;
		};
		CE7B6D328744343E7E949B76 /* [CP] Embed Pods Frameworks */ = {
			isa = PBXShellScriptBuildPhase;
			buildActionMask = 2147483647;
			files = (
			);
			inputPaths = (
				"${PODS_ROOT}/Target Support Files/Pods-CocoaExtensions-iOS/Pods-CocoaExtensions-iOS-frameworks.sh",
				"${BUILT_PRODUCTS_DIR}/CocoaExtensions-Core-Foundation-Rx-Texture+Rx-UI/CocoaExtensions.framework",
				"${BUILT_PRODUCTS_DIR}/PINCache/PINCache.framework",
				"${BUILT_PRODUCTS_DIR}/PINOperation/PINOperation.framework",
				"${BUILT_PRODUCTS_DIR}/PINRemoteImage/PINRemoteImage.framework",
				"${BUILT_PRODUCTS_DIR}/RxCocoa-iOS/RxCocoa.framework",
				"${BUILT_PRODUCTS_DIR}/RxRelay-iOS/RxRelay.framework",
				"${BUILT_PRODUCTS_DIR}/RxSwift-iOS/RxSwift.framework",
				"${BUILT_PRODUCTS_DIR}/Texture/AsyncDisplayKit.framework",
			);
			name = "[CP] Embed Pods Frameworks";
			outputPaths = (
				"${TARGET_BUILD_DIR}/${FRAMEWORKS_FOLDER_PATH}/CocoaExtensions.framework",
				"${TARGET_BUILD_DIR}/${FRAMEWORKS_FOLDER_PATH}/PINCache.framework",
				"${TARGET_BUILD_DIR}/${FRAMEWORKS_FOLDER_PATH}/PINOperation.framework",
				"${TARGET_BUILD_DIR}/${FRAMEWORKS_FOLDER_PATH}/PINRemoteImage.framework",
				"${TARGET_BUILD_DIR}/${FRAMEWORKS_FOLDER_PATH}/RxCocoa.framework",
				"${TARGET_BUILD_DIR}/${FRAMEWORKS_FOLDER_PATH}/RxRelay.framework",
				"${TARGET_BUILD_DIR}/${FRAMEWORKS_FOLDER_PATH}/RxSwift.framework",
				"${TARGET_BUILD_DIR}/${FRAMEWORKS_FOLDER_PATH}/AsyncDisplayKit.framework",
			);
			runOnlyForDeploymentPostprocessing = 0;
			shellPath = /bin/sh;
			shellScript = "\"${PODS_ROOT}/Target Support Files/Pods-CocoaExtensions-iOS/Pods-CocoaExtensions-iOS-frameworks.sh\"\n";
			showEnvVarsInLog = 0;
		};
		E1DC5BCB0B1EF2528F598963 /* [CP] Check Pods Manifest.lock */ = {
			isa = PBXShellScriptBuildPhase;
			buildActionMask = 2147483647;
			files = (
			);
			inputFileListPaths = (
			);
			inputPaths = (
				"${PODS_PODFILE_DIR_PATH}/Podfile.lock",
				"${PODS_ROOT}/Manifest.lock",
			);
			name = "[CP] Check Pods Manifest.lock";
			outputFileListPaths = (
			);
			outputPaths = (
				"$(DERIVED_FILE_DIR)/Pods-CocoaExtensions-iOS-checkManifestLockResult.txt",
			);
			runOnlyForDeploymentPostprocessing = 0;
			shellPath = /bin/sh;
			shellScript = "diff \"${PODS_PODFILE_DIR_PATH}/Podfile.lock\" \"${PODS_ROOT}/Manifest.lock\" > /dev/null\nif [ $? != 0 ] ; then\n    # print error to STDERR\n    echo \"error: The sandbox is not in sync with the Podfile.lock. Run 'pod install' or update your CocoaPods installation.\" >&2\n    exit 1\nfi\n# This output is used by Xcode 'outputs' to avoid re-running this script phase.\necho \"SUCCESS\" > \"${SCRIPT_OUTPUT_FILE_0}\"\n";
			showEnvVarsInLog = 0;
		};
/* End PBXShellScriptBuildPhase section */

/* Begin PBXSourcesBuildPhase section */
		9DDF328521EE6123004558FE /* Sources */ = {
			isa = PBXSourcesBuildPhase;
			buildActionMask = 2147483647;
			files = (
				9DDF328C21EE6123004558FE /* AppDelegate.swift in Sources */,
			);
			runOnlyForDeploymentPostprocessing = 0;
		};
		9DDF329B21EE612F004558FE /* Sources */ = {
			isa = PBXSourcesBuildPhase;
			buildActionMask = 2147483647;
			files = (
				9DDF32A421EE612F004558FE /* ViewController.swift in Sources */,
				9DDF32A221EE612F004558FE /* AppDelegate.swift in Sources */,
			);
			runOnlyForDeploymentPostprocessing = 0;
		};
		9DDF32AE21EE6155004558FE /* Sources */ = {
			isa = PBXSourcesBuildPhase;
			buildActionMask = 2147483647;
			files = (
				9DDF32B521EE6155004558FE /* AppDelegate.swift in Sources */,
			);
			runOnlyForDeploymentPostprocessing = 0;
		};
/* End PBXSourcesBuildPhase section */

/* Begin PBXVariantGroup section */
		9DDF32A521EE612F004558FE /* Main.storyboard */ = {
			isa = PBXVariantGroup;
			children = (
				9DDF32A621EE612F004558FE /* Base */,
			);
			name = Main.storyboard;
			sourceTree = "<group>";
		};
		9DDF32B821EE6156004558FE /* MainMenu.xib */ = {
			isa = PBXVariantGroup;
			children = (
				9DDF32B921EE6156004558FE /* Base */,
			);
			name = MainMenu.xib;
			sourceTree = "<group>";
		};
/* End PBXVariantGroup section */

/* Begin XCBuildConfiguration section */
		607FACED1AFB9204008FA782 /* Debug */ = {
			isa = XCBuildConfiguration;
			buildSettings = {
				ALWAYS_SEARCH_USER_PATHS = NO;
				CLANG_ANALYZER_LOCALIZABILITY_NONLOCALIZED = YES;
				CLANG_CXX_LANGUAGE_STANDARD = "gnu++0x";
				CLANG_CXX_LIBRARY = "libc++";
				CLANG_ENABLE_MODULES = YES;
				CLANG_ENABLE_OBJC_ARC = YES;
				CLANG_WARN_BLOCK_CAPTURE_AUTORELEASING = YES;
				CLANG_WARN_BOOL_CONVERSION = YES;
				CLANG_WARN_COMMA = YES;
				CLANG_WARN_CONSTANT_CONVERSION = YES;
				CLANG_WARN_DEPRECATED_OBJC_IMPLEMENTATIONS = YES;
				CLANG_WARN_DIRECT_OBJC_ISA_USAGE = YES_ERROR;
				CLANG_WARN_EMPTY_BODY = YES;
				CLANG_WARN_ENUM_CONVERSION = YES;
				CLANG_WARN_INFINITE_RECURSION = YES;
				CLANG_WARN_INT_CONVERSION = YES;
				CLANG_WARN_NON_LITERAL_NULL_CONVERSION = YES;
				CLANG_WARN_OBJC_IMPLICIT_RETAIN_SELF = YES;
				CLANG_WARN_OBJC_LITERAL_CONVERSION = YES;
				CLANG_WARN_OBJC_ROOT_CLASS = YES_ERROR;
				CLANG_WARN_RANGE_LOOP_ANALYSIS = YES;
				CLANG_WARN_STRICT_PROTOTYPES = YES;
				CLANG_WARN_SUSPICIOUS_MOVE = YES;
				CLANG_WARN_UNREACHABLE_CODE = YES;
				CLANG_WARN__DUPLICATE_METHOD_MATCH = YES;
				"CODE_SIGN_IDENTITY[sdk=iphoneos*]" = "iPhone Developer";
				COPY_PHASE_STRIP = NO;
				DEBUG_INFORMATION_FORMAT = "dwarf-with-dsym";
				ENABLE_STRICT_OBJC_MSGSEND = YES;
				ENABLE_TESTABILITY = YES;
				GCC_C_LANGUAGE_STANDARD = gnu99;
				GCC_DYNAMIC_NO_PIC = NO;
				GCC_NO_COMMON_BLOCKS = YES;
				GCC_OPTIMIZATION_LEVEL = 0;
				GCC_PREPROCESSOR_DEFINITIONS = (
					"DEBUG=1",
					"$(inherited)",
				);
				GCC_SYMBOLS_PRIVATE_EXTERN = NO;
				GCC_WARN_64_TO_32_BIT_CONVERSION = YES;
				GCC_WARN_ABOUT_RETURN_TYPE = YES_ERROR;
				GCC_WARN_UNDECLARED_SELECTOR = YES;
				GCC_WARN_UNINITIALIZED_AUTOS = YES_AGGRESSIVE;
				GCC_WARN_UNUSED_FUNCTION = YES;
				GCC_WARN_UNUSED_VARIABLE = YES;
				IPHONEOS_DEPLOYMENT_TARGET = 9.3;
				MTL_ENABLE_DEBUG_INFO = YES;
				ONLY_ACTIVE_ARCH = YES;
				SDKROOT = iphoneos;
				SWIFT_OPTIMIZATION_LEVEL = "-Onone";
				SWIFT_VERSION = 5.0;
			};
			name = Debug;
		};
		607FACEE1AFB9204008FA782 /* Release */ = {
			isa = XCBuildConfiguration;
			buildSettings = {
				ALWAYS_SEARCH_USER_PATHS = NO;
				CLANG_ANALYZER_LOCALIZABILITY_NONLOCALIZED = YES;
				CLANG_CXX_LANGUAGE_STANDARD = "gnu++0x";
				CLANG_CXX_LIBRARY = "libc++";
				CLANG_ENABLE_MODULES = YES;
				CLANG_ENABLE_OBJC_ARC = YES;
				CLANG_WARN_BLOCK_CAPTURE_AUTORELEASING = YES;
				CLANG_WARN_BOOL_CONVERSION = YES;
				CLANG_WARN_COMMA = YES;
				CLANG_WARN_CONSTANT_CONVERSION = YES;
				CLANG_WARN_DEPRECATED_OBJC_IMPLEMENTATIONS = YES;
				CLANG_WARN_DIRECT_OBJC_ISA_USAGE = YES_ERROR;
				CLANG_WARN_EMPTY_BODY = YES;
				CLANG_WARN_ENUM_CONVERSION = YES;
				CLANG_WARN_INFINITE_RECURSION = YES;
				CLANG_WARN_INT_CONVERSION = YES;
				CLANG_WARN_NON_LITERAL_NULL_CONVERSION = YES;
				CLANG_WARN_OBJC_IMPLICIT_RETAIN_SELF = YES;
				CLANG_WARN_OBJC_LITERAL_CONVERSION = YES;
				CLANG_WARN_OBJC_ROOT_CLASS = YES_ERROR;
				CLANG_WARN_RANGE_LOOP_ANALYSIS = YES;
				CLANG_WARN_STRICT_PROTOTYPES = YES;
				CLANG_WARN_SUSPICIOUS_MOVE = YES;
				CLANG_WARN_UNREACHABLE_CODE = YES;
				CLANG_WARN__DUPLICATE_METHOD_MATCH = YES;
				"CODE_SIGN_IDENTITY[sdk=iphoneos*]" = "iPhone Developer";
				COPY_PHASE_STRIP = NO;
				DEBUG_INFORMATION_FORMAT = "dwarf-with-dsym";
				ENABLE_NS_ASSERTIONS = NO;
				ENABLE_STRICT_OBJC_MSGSEND = YES;
				GCC_C_LANGUAGE_STANDARD = gnu99;
				GCC_NO_COMMON_BLOCKS = YES;
				GCC_WARN_64_TO_32_BIT_CONVERSION = YES;
				GCC_WARN_ABOUT_RETURN_TYPE = YES_ERROR;
				GCC_WARN_UNDECLARED_SELECTOR = YES;
				GCC_WARN_UNINITIALIZED_AUTOS = YES_AGGRESSIVE;
				GCC_WARN_UNUSED_FUNCTION = YES;
				GCC_WARN_UNUSED_VARIABLE = YES;
				IPHONEOS_DEPLOYMENT_TARGET = 9.3;
				MTL_ENABLE_DEBUG_INFO = NO;
				SDKROOT = iphoneos;
				SWIFT_OPTIMIZATION_LEVEL = "-Owholemodule";
				SWIFT_VERSION = 5.0;
				VALIDATE_PRODUCT = YES;
			};
			name = Release;
		};
		9DDF329921EE6124004558FE /* Debug */ = {
			isa = XCBuildConfiguration;
			baseConfigurationReference = DB4DEC9A6CAB065F678F27FB /* Pods-CocoaExtensions-iOS.debug.xcconfig */;
			buildSettings = {
				ASSETCATALOG_COMPILER_APPICON_NAME = AppIcon;
				CLANG_ANALYZER_NONNULL = YES;
				CLANG_ANALYZER_NUMBER_OBJECT_CONVERSION = YES_AGGRESSIVE;
				CLANG_CXX_LANGUAGE_STANDARD = "gnu++14";
				CLANG_ENABLE_OBJC_WEAK = YES;
				CLANG_WARN_DOCUMENTATION_COMMENTS = YES;
				CLANG_WARN_UNGUARDED_AVAILABILITY = YES_AGGRESSIVE;
				CODE_SIGN_IDENTITY = "iPhone Developer";
				CODE_SIGN_STYLE = Automatic;
				DEBUG_INFORMATION_FORMAT = dwarf;
				DEVELOPMENT_TEAM = "";
				GCC_C_LANGUAGE_STANDARD = gnu11;
				INFOPLIST_FILE = "CocoaExtensions-iOS/Info.plist";
				IPHONEOS_DEPLOYMENT_TARGET = 8.0;
				LD_RUNPATH_SEARCH_PATHS = "$(inherited) @executable_path/Frameworks";
				MTL_ENABLE_DEBUG_INFO = INCLUDE_SOURCE;
				MTL_FAST_MATH = YES;
				PRODUCT_BUNDLE_IDENTIFIER = "io.jauzee.CocoaExtensions-iOS";
				PRODUCT_NAME = "$(TARGET_NAME)";
				SWIFT_ACTIVE_COMPILATION_CONDITIONS = DEBUG;
				SWIFT_VERSION = 5.0;
				TARGETED_DEVICE_FAMILY = "1,2";
			};
			name = Debug;
		};
		9DDF329A21EE6124004558FE /* Release */ = {
			isa = XCBuildConfiguration;
			baseConfigurationReference = F746340EE55441A59B3F29D0 /* Pods-CocoaExtensions-iOS.release.xcconfig */;
			buildSettings = {
				ASSETCATALOG_COMPILER_APPICON_NAME = AppIcon;
				CLANG_ANALYZER_NONNULL = YES;
				CLANG_ANALYZER_NUMBER_OBJECT_CONVERSION = YES_AGGRESSIVE;
				CLANG_CXX_LANGUAGE_STANDARD = "gnu++14";
				CLANG_ENABLE_OBJC_WEAK = YES;
				CLANG_WARN_DOCUMENTATION_COMMENTS = YES;
				CLANG_WARN_UNGUARDED_AVAILABILITY = YES_AGGRESSIVE;
				CODE_SIGN_IDENTITY = "iPhone Developer";
				CODE_SIGN_STYLE = Automatic;
				DEVELOPMENT_TEAM = "";
				GCC_C_LANGUAGE_STANDARD = gnu11;
				INFOPLIST_FILE = "CocoaExtensions-iOS/Info.plist";
				IPHONEOS_DEPLOYMENT_TARGET = 8.0;
				LD_RUNPATH_SEARCH_PATHS = "$(inherited) @executable_path/Frameworks";
				MTL_FAST_MATH = YES;
				PRODUCT_BUNDLE_IDENTIFIER = "io.jauzee.CocoaExtensions-iOS";
				PRODUCT_NAME = "$(TARGET_NAME)";
				SWIFT_VERSION = 5.0;
				TARGETED_DEVICE_FAMILY = "1,2";
			};
			name = Release;
		};
		9DDF32AC21EE6130004558FE /* Debug */ = {
			isa = XCBuildConfiguration;
			baseConfigurationReference = 012D7D32DE44B198C77BC23D /* Pods-CocoaExtensions-tvOS.debug.xcconfig */;
			buildSettings = {
				ASSETCATALOG_COMPILER_APPICON_NAME = "App Icon & Top Shelf Image";
				CLANG_ANALYZER_NONNULL = YES;
				CLANG_ANALYZER_NUMBER_OBJECT_CONVERSION = YES_AGGRESSIVE;
				CLANG_CXX_LANGUAGE_STANDARD = "gnu++14";
				CLANG_ENABLE_OBJC_WEAK = YES;
				CLANG_WARN_DOCUMENTATION_COMMENTS = YES;
				CLANG_WARN_UNGUARDED_AVAILABILITY = YES_AGGRESSIVE;
				CODE_SIGN_STYLE = Automatic;
				DEBUG_INFORMATION_FORMAT = dwarf;
				DEVELOPMENT_TEAM = "";
				GCC_C_LANGUAGE_STANDARD = gnu11;
				INFOPLIST_FILE = "CocoaExtensions-tvOS/Info.plist";
				LD_RUNPATH_SEARCH_PATHS = "$(inherited) @executable_path/Frameworks";
				MTL_ENABLE_DEBUG_INFO = INCLUDE_SOURCE;
				MTL_FAST_MATH = YES;
				PRODUCT_BUNDLE_IDENTIFIER = "io.jauzee.CocoaExtensions-tvOS";
				PRODUCT_NAME = "$(TARGET_NAME)";
				SDKROOT = appletvos;
				SWIFT_ACTIVE_COMPILATION_CONDITIONS = DEBUG;
				SWIFT_VERSION = 5.0;
				TARGETED_DEVICE_FAMILY = 3;
				TVOS_DEPLOYMENT_TARGET = 10.1;
			};
			name = Debug;
		};
		9DDF32AD21EE6130004558FE /* Release */ = {
			isa = XCBuildConfiguration;
			baseConfigurationReference = 847A595E5AC8FBA093898400 /* Pods-CocoaExtensions-tvOS.release.xcconfig */;
			buildSettings = {
				ASSETCATALOG_COMPILER_APPICON_NAME = "App Icon & Top Shelf Image";
				CLANG_ANALYZER_NONNULL = YES;
				CLANG_ANALYZER_NUMBER_OBJECT_CONVERSION = YES_AGGRESSIVE;
				CLANG_CXX_LANGUAGE_STANDARD = "gnu++14";
				CLANG_ENABLE_OBJC_WEAK = YES;
				CLANG_WARN_DOCUMENTATION_COMMENTS = YES;
				CLANG_WARN_UNGUARDED_AVAILABILITY = YES_AGGRESSIVE;
				CODE_SIGN_STYLE = Automatic;
				DEVELOPMENT_TEAM = "";
				GCC_C_LANGUAGE_STANDARD = gnu11;
				INFOPLIST_FILE = "CocoaExtensions-tvOS/Info.plist";
				LD_RUNPATH_SEARCH_PATHS = "$(inherited) @executable_path/Frameworks";
				MTL_FAST_MATH = YES;
				PRODUCT_BUNDLE_IDENTIFIER = "io.jauzee.CocoaExtensions-tvOS";
				PRODUCT_NAME = "$(TARGET_NAME)";
				SDKROOT = appletvos;
				SWIFT_VERSION = 5.0;
				TARGETED_DEVICE_FAMILY = 3;
				TVOS_DEPLOYMENT_TARGET = 10.1;
			};
			name = Release;
		};
		9DDF32BE21EE6156004558FE /* Debug */ = {
			isa = XCBuildConfiguration;
			baseConfigurationReference = 00420E883AB73019E59AFF17 /* Pods-CocoaExtensions-macOS.debug.xcconfig */;
			buildSettings = {
				ASSETCATALOG_COMPILER_APPICON_NAME = AppIcon;
				CLANG_ANALYZER_NONNULL = YES;
				CLANG_ANALYZER_NUMBER_OBJECT_CONVERSION = YES_AGGRESSIVE;
				CLANG_CXX_LANGUAGE_STANDARD = "gnu++14";
				CLANG_ENABLE_OBJC_WEAK = YES;
				CLANG_WARN_DOCUMENTATION_COMMENTS = YES;
				CLANG_WARN_UNGUARDED_AVAILABILITY = YES_AGGRESSIVE;
				CODE_SIGN_ENTITLEMENTS = "CocoaExtensions-macOS/CocoaExtensions_macOS.entitlements";
				CODE_SIGN_IDENTITY = "Mac Developer";
				CODE_SIGN_STYLE = Automatic;
				COMBINE_HIDPI_IMAGES = YES;
				DEBUG_INFORMATION_FORMAT = dwarf;
				DEVELOPMENT_TEAM = 2VFCBFYPFW;
				GCC_C_LANGUAGE_STANDARD = gnu11;
				INFOPLIST_FILE = "CocoaExtensions-macOS/Info.plist";
				LD_RUNPATH_SEARCH_PATHS = "$(inherited) @executable_path/../Frameworks";
				MACOSX_DEPLOYMENT_TARGET = 10.10;
				MTL_ENABLE_DEBUG_INFO = INCLUDE_SOURCE;
				MTL_FAST_MATH = YES;
				PRODUCT_BUNDLE_IDENTIFIER = "io.jauzee.CocoaExtensions-macOS";
				PRODUCT_NAME = "$(TARGET_NAME)";
				SDKROOT = macosx;
				SWIFT_ACTIVE_COMPILATION_CONDITIONS = DEBUG;
				SWIFT_VERSION = 5.0;
			};
			name = Debug;
		};
		9DDF32BF21EE6156004558FE /* Release */ = {
			isa = XCBuildConfiguration;
			baseConfigurationReference = EAE015A5869E57968F47B464 /* Pods-CocoaExtensions-macOS.release.xcconfig */;
			buildSettings = {
				ASSETCATALOG_COMPILER_APPICON_NAME = AppIcon;
				CLANG_ANALYZER_NONNULL = YES;
				CLANG_ANALYZER_NUMBER_OBJECT_CONVERSION = YES_AGGRESSIVE;
				CLANG_CXX_LANGUAGE_STANDARD = "gnu++14";
				CLANG_ENABLE_OBJC_WEAK = YES;
				CLANG_WARN_DOCUMENTATION_COMMENTS = YES;
				CLANG_WARN_UNGUARDED_AVAILABILITY = YES_AGGRESSIVE;
				CODE_SIGN_ENTITLEMENTS = "CocoaExtensions-macOS/CocoaExtensions_macOS.entitlements";
				CODE_SIGN_IDENTITY = "Mac Developer";
				CODE_SIGN_STYLE = Automatic;
				COMBINE_HIDPI_IMAGES = YES;
				DEVELOPMENT_TEAM = 2VFCBFYPFW;
				GCC_C_LANGUAGE_STANDARD = gnu11;
				INFOPLIST_FILE = "CocoaExtensions-macOS/Info.plist";
				LD_RUNPATH_SEARCH_PATHS = "$(inherited) @executable_path/../Frameworks";
				MACOSX_DEPLOYMENT_TARGET = 10.10;
				MTL_FAST_MATH = YES;
				PRODUCT_BUNDLE_IDENTIFIER = "io.jauzee.CocoaExtensions-macOS";
				PRODUCT_NAME = "$(TARGET_NAME)";
				SDKROOT = macosx;
				SWIFT_VERSION = 5.0;
			};
			name = Release;
		};
/* End XCBuildConfiguration section */

/* Begin XCConfigurationList section */
		607FACCB1AFB9204008FA782 /* Build configuration list for PBXProject "CocoaExtensions" */ = {
			isa = XCConfigurationList;
			buildConfigurations = (
				607FACED1AFB9204008FA782 /* Debug */,
				607FACEE1AFB9204008FA782 /* Release */,
			);
			defaultConfigurationIsVisible = 0;
			defaultConfigurationName = Release;
		};
		9DDF329821EE6124004558FE /* Build configuration list for PBXNativeTarget "CocoaExtensions-iOS" */ = {
			isa = XCConfigurationList;
			buildConfigurations = (
				9DDF329921EE6124004558FE /* Debug */,
				9DDF329A21EE6124004558FE /* Release */,
			);
			defaultConfigurationIsVisible = 0;
			defaultConfigurationName = Release;
		};
		9DDF32AB21EE6130004558FE /* Build configuration list for PBXNativeTarget "CocoaExtensions-tvOS" */ = {
			isa = XCConfigurationList;
			buildConfigurations = (
				9DDF32AC21EE6130004558FE /* Debug */,
				9DDF32AD21EE6130004558FE /* Release */,
			);
			defaultConfigurationIsVisible = 0;
			defaultConfigurationName = Release;
		};
		9DDF32BD21EE6156004558FE /* Build configuration list for PBXNativeTarget "CocoaExtensions-macOS" */ = {
			isa = XCConfigurationList;
			buildConfigurations = (
				9DDF32BE21EE6156004558FE /* Debug */,
				9DDF32BF21EE6156004558FE /* Release */,
			);
			defaultConfigurationIsVisible = 0;
			defaultConfigurationName = Release;
		};
/* End XCConfigurationList section */
	};
	rootObject = 607FACC81AFB9204008FA782 /* Project object */;
}
